// !$*UTF8*$!
{
	archiveVersion = 1;
	classes = {
	};
	objectVersion = 50;
	objects = {

/* Begin PBXBuildFile section */
		11671BF6260FAAD100FEE0B6 /* OrderList.xcdatamodeld in Sources */ = {isa = PBXBuildFile; fileRef = 11671BF4260FAAD100FEE0B6 /* OrderList.xcdatamodeld */; };
		11671BF9260FB07400FEE0B6 /* DatabaseHelper.swift in Sources */ = {isa = PBXBuildFile; fileRef = 11671BF8260FB07400FEE0B6 /* DatabaseHelper.swift */; };
		11BFD93B25E1AFE1008931FD /* AppDelegate.swift in Sources */ = {isa = PBXBuildFile; fileRef = 11BFD93A25E1AFE1008931FD /* AppDelegate.swift */; };
		11BFD93D25E1AFE1008931FD /* SceneDelegate.swift in Sources */ = {isa = PBXBuildFile; fileRef = 11BFD93C25E1AFE1008931FD /* SceneDelegate.swift */; };
		11BFD93F25E1AFE1008931FD /* ViewController.swift in Sources */ = {isa = PBXBuildFile; fileRef = 11BFD93E25E1AFE1008931FD /* ViewController.swift */; };
		11BFD94225E1AFE1008931FD /* Main.storyboard in Resources */ = {isa = PBXBuildFile; fileRef = 11BFD94025E1AFE1008931FD /* Main.storyboard */; };
		11BFD94425E1AFE2008931FD /* Assets.xcassets in Resources */ = {isa = PBXBuildFile; fileRef = 11BFD94325E1AFE2008931FD /* Assets.xcassets */; };
		11BFD94725E1AFE2008931FD /* LaunchScreen.storyboard in Resources */ = {isa = PBXBuildFile; fileRef = 11BFD94525E1AFE2008931FD /* LaunchScreen.storyboard */; };
		11BFD95025E1CFC2008931FD /* TablePageViewController.swift in Sources */ = {isa = PBXBuildFile; fileRef = 11BFD94F25E1CFC2008931FD /* TablePageViewController.swift */; };
/* End PBXBuildFile section */

/* Begin PBXFileReference section */
		11671BF5260FAAD100FEE0B6 /* OrderList.xcdatamodel */ = {isa = PBXFileReference; lastKnownFileType = wrapper.xcdatamodel; path = OrderList.xcdatamodel; sourceTree = "<group>"; };
		11671BF8260FB07400FEE0B6 /* DatabaseHelper.swift */ = {isa = PBXFileReference; lastKnownFileType = sourcecode.swift; path = DatabaseHelper.swift; sourceTree = "<group>"; };
		11BFD93725E1AFE1008931FD /* Nikita_MyORDER.app */ = {isa = PBXFileReference; explicitFileType = wrapper.application; includeInIndex = 0; path = Nikita_MyORDER.app; sourceTree = BUILT_PRODUCTS_DIR; };
		11BFD93A25E1AFE1008931FD /* AppDelegate.swift */ = {isa = PBXFileReference; lastKnownFileType = sourcecode.swift; path = AppDelegate.swift; sourceTree = "<group>"; };
		11BFD93C25E1AFE1008931FD /* SceneDelegate.swift */ = {isa = PBXFileReference; lastKnownFileType = sourcecode.swift; path = SceneDelegate.swift; sourceTree = "<group>"; };
		11BFD93E25E1AFE1008931FD /* ViewController.swift */ = {isa = PBXFileReference; lastKnownFileType = sourcecode.swift; path = ViewController.swift; sourceTree = "<group>"; };
		11BFD94125E1AFE1008931FD /* Base */ = {isa = PBXFileReference; lastKnownFileType = file.storyboard; name = Base; path = Base.lproj/Main.storyboard; sourceTree = "<group>"; };
		11BFD94325E1AFE2008931FD /* Assets.xcassets */ = {isa = PBXFileReference; lastKnownFileType = folder.assetcatalog; path = Assets.xcassets; sourceTree = "<group>"; };
		11BFD94625E1AFE2008931FD /* Base */ = {isa = PBXFileReference; lastKnownFileType = file.storyboard; name = Base; path = Base.lproj/LaunchScreen.storyboard; sourceTree = "<group>"; };
		11BFD94825E1AFE2008931FD /* Info.plist */ = {isa = PBXFileReference; lastKnownFileType = text.plist.xml; path = Info.plist; sourceTree = "<group>"; };
		11BFD94F25E1CFC2008931FD /* TablePageViewController.swift */ = {isa = PBXFileReference; lastKnownFileType = sourcecode.swift; path = TablePageViewController.swift; sourceTree = "<group>"; };
/* End PBXFileReference section */

/* Begin PBXFrameworksBuildPhase section */
		11BFD93425E1AFE1008931FD /* Frameworks */ = {
			isa = PBXFrameworksBuildPhase;
			buildActionMask = 2147483647;
			files = (
			);
			runOnlyForDeploymentPostprocessing = 0;
		};
/* End PBXFrameworksBuildPhase section */

/* Begin PBXGroup section */
		11BFD92E25E1AFE1008931FD = {
			isa = PBXGroup;
			children = (
				11BFD93925E1AFE1008931FD /* Nikita_MyORDER */,
				11BFD93825E1AFE1008931FD /* Products */,
			);
			sourceTree = "<group>";
		};
		11BFD93825E1AFE1008931FD /* Products */ = {
			isa = PBXGroup;
			children = (
				11BFD93725E1AFE1008931FD /* Nikita_MyORDER.app */,
			);
			name = Products;
			sourceTree = "<group>";
		};
		11BFD93925E1AFE1008931FD /* Nikita_MyORDER */ = {
			isa = PBXGroup;
			children = (
				11BFD93A25E1AFE1008931FD /* AppDelegate.swift */,
				11BFD93C25E1AFE1008931FD /* SceneDelegate.swift */,
				11BFD93E25E1AFE1008931FD /* ViewController.swift */,
				11BFD94025E1AFE1008931FD /* Main.storyboard */,
				11BFD94325E1AFE2008931FD /* Assets.xcassets */,
				11BFD94525E1AFE2008931FD /* LaunchScreen.storyboard */,
				11BFD94825E1AFE2008931FD /* Info.plist */,
				11BFD94F25E1CFC2008931FD /* TablePageViewController.swift */,
				11671BF4260FAAD100FEE0B6 /* OrderList.xcdatamodeld */,
				11671BF8260FB07400FEE0B6 /* DatabaseHelper.swift */,
			);
			path = Nikita_MyORDER;
			sourceTree = "<group>";
		};
/* End PBXGroup section */

/* Begin PBXNativeTarget section */
		11BFD93625E1AFE1008931FD /* Nikita_MyORDER */ = {
			isa = PBXNativeTarget;
			buildConfigurationList = 11BFD94B25E1AFE2008931FD /* Build configuration list for PBXNativeTarget "Nikita_MyORDER" */;
			buildPhases = (
				11BFD93325E1AFE1008931FD /* Sources */,
				11BFD93425E1AFE1008931FD /* Frameworks */,
				11BFD93525E1AFE1008931FD /* Resources */,
			);
			buildRules = (
			);
			dependencies = (
			);
			name = Nikita_MyORDER;
			productName = Nikita_MyORDER;
			productReference = 11BFD93725E1AFE1008931FD /* Nikita_MyORDER.app */;
			productType = "com.apple.product-type.application";
		};
/* End PBXNativeTarget section */

/* Begin PBXProject section */
		11BFD92F25E1AFE1008931FD /* Project object */ = {
			isa = PBXProject;
			attributes = {
				LastSwiftUpdateCheck = 1240;
				LastUpgradeCheck = 1240;
				TargetAttributes = {
					11BFD93625E1AFE1008931FD = {
						CreatedOnToolsVersion = 12.4;
					};
				};
			};
			buildConfigurationList = 11BFD93225E1AFE1008931FD /* Build configuration list for PBXProject "Nikita_MyORDER" */;
			compatibilityVersion = "Xcode 9.3";
			developmentRegion = en;
			hasScannedForEncodings = 0;
			knownRegions = (
				en,
				Base,
			);
			mainGroup = 11BFD92E25E1AFE1008931FD;
			productRefGroup = 11BFD93825E1AFE1008931FD /* Products */;
			projectDirPath = "";
			projectRoot = "";
			targets = (
				11BFD93625E1AFE1008931FD /* Nikita_MyORDER */,
			);
		};
/* End PBXProject section */

/* Begin PBXResourcesBuildPhase section */
		11BFD93525E1AFE1008931FD /* Resources */ = {
			isa = PBXResourcesBuildPhase;
			buildActionMask = 2147483647;
			files = (
				11BFD94725E1AFE2008931FD /* LaunchScreen.storyboard in Resources */,
				11BFD94425E1AFE2008931FD /* Assets.xcassets in Resources */,
				11BFD94225E1AFE1008931FD /* Main.storyboard in Resources */,
			);
			runOnlyForDeploymentPostprocessing = 0;
		};
/* End PBXResourcesBuildPhase section */

/* Begin PBXSourcesBuildPhase section */
		11BFD93325E1AFE1008931FD /* Sources */ = {
			isa = PBXSourcesBuildPhase;
			buildActionMask = 2147483647;
			files = (
				11BFD95025E1CFC2008931FD /* TablePageViewController.swift in Sources */,
				11BFD93F25E1AFE1008931FD /* ViewController.swift in Sources */,
				11BFD93B25E1AFE1008931FD /* AppDelegate.swift in Sources */,
				11BFD93D25E1AFE1008931FD /* SceneDelegate.swift in Sources */,
				11671BF9260FB07400FEE0B6 /* DatabaseHelper.swift in Sources */,
				11671BF6260FAAD100FEE0B6 /* OrderList.xcdatamodeld in Sources */,
			);
			runOnlyForDeploymentPostprocessing = 0;
		};
/* End PBXSourcesBuildPhase section */

/* Begin PBXVariantGroup section */
		11BFD94025E1AFE1008931FD /* Main.storyboard */ = {
			isa = PBXVariantGroup;
			children = (
				11BFD94125E1AFE1008931FD /* Base */,
			);
			name = Main.storyboard;
			sourceTree = "<group>";
		};
		11BFD94525E1AFE2008931FD /* LaunchScreen.storyboard */ = {
			isa = PBXVariantGroup;
			children = (
				11BFD94625E1AFE2008931FD /* Base */,
			);
			name = LaunchScreen.storyboard;
			sourceTree = "<group>";
		};
/* End PBXVariantGroup section */

/* Begin XCBuildConfiguration section */
		11BFD94925E1AFE2008931FD /* Debug */ = {
			isa = XCBuildConfiguration;
			buildSettings = {
				ALWAYS_SEARCH_USER_PATHS = NO;
				CLANG_ANALYZER_NONNULL = YES;
				CLANG_ANALYZER_NUMBER_OBJECT_CONVERSION = YES_AGGRESSIVE;
				CLANG_CXX_LANGUAGE_STANDARD = "gnu++14";
				CLANG_CXX_LIBRARY = "libc++";
				CLANG_ENABLE_MODULES = YES;
				CLANG_ENABLE_OBJC_ARC = YES;
				CLANG_ENABLE_OBJC_WEAK = YES;
				CLANG_WARN_BLOCK_CAPTURE_AUTORELEASING = YES;
				CLANG_WARN_BOOL_CONVERSION = YES;
				CLANG_WARN_COMMA = YES;
				CLANG_WARN_CONSTANT_CONVERSION = YES;
				CLANG_WARN_DEPRECATED_OBJC_IMPLEMENTATIONS = YES;
				CLANG_WARN_DIRECT_OBJC_ISA_USAGE = YES_ERROR;
				CLANG_WARN_DOCUMENTATION_COMMENTS = YES;
				CLANG_WARN_EMPTY_BODY = YES;
				CLANG_WARN_ENUM_CONVERSION = YES;
				CLANG_WARN_INFINITE_RECURSION = YES;
				CLANG_WARN_INT_CONVERSION = YES;
				CLANG_WARN_NON_LITERAL_NULL_CONVERSION = YES;
				CLANG_WARN_OBJC_IMPLICIT_RETAIN_SELF = YES;
				CLANG_WARN_OBJC_LITERAL_CONVERSION = YES;
				CLANG_WARN_OBJC_ROOT_CLASS = YES_ERROR;
				CLANG_WARN_QUOTED_INCLUDE_IN_FRAMEWORK_HEADER = YES;
				CLANG_WARN_RANGE_LOOP_ANALYSIS = YES;
				CLANG_WARN_STRICT_PROTOTYPES = YES;
				CLANG_WARN_SUSPICIOUS_MOVE = YES;
				CLANG_WARN_UNGUARDED_AVAILABILITY = YES_AGGRESSIVE;
				CLANG_WARN_UNREACHABLE_CODE = YES;
				CLANG_WARN__DUPLICATE_METHOD_MATCH = YES;
				COPY_PHASE_STRIP = NO;
				DEBUG_INFORMATION_FORMAT = dwarf;
				ENABLE_STRICT_OBJC_MSGSEND = YES;
				ENABLE_TESTABILITY = YES;
				GCC_C_LANGUAGE_STANDARD = gnu11;
				GCC_DYNAMIC_NO_PIC = NO;
				GCC_NO_COMMON_BLOCKS = YES;
				GCC_OPTIMIZATION_LEVEL = 0;
				GCC_PREPROCESSOR_DEFINITIONS = (
					"DEBUG=1",
					"$(inherited)",
				);
				GCC_WARN_64_TO_32_BIT_CONVERSION = YES;
				GCC_WARN_ABOUT_RETURN_TYPE = YES_ERROR;
				GCC_WARN_UNDECLARED_SELECTOR = YES;
				GCC_WARN_UNINITIALIZED_AUTOS = YES_AGGRESSIVE;
				GCC_WARN_UNUSED_FUNCTION = YES;
				GCC_WARN_UNUSED_VARIABLE = YES;
				IPHONEOS_DEPLOYMENT_TARGET = 14.4;
				MTL_ENABLE_DEBUG_INFO = INCLUDE_SOURCE;
				MTL_FAST_MATH = YES;
				ONLY_ACTIVE_ARCH = YES;
				SDKROOT = iphoneos;
				SWIFT_ACTIVE_COMPILATION_CONDITIONS = DEBUG;
				SWIFT_OPTIMIZATION_LEVEL = "-Onone";
			};
			name = Debug;
		};
		11BFD94A25E1AFE2008931FD /* Release */ = {
			isa = XCBuildConfiguration;
			buildSettings = {
				ALWAYS_SEARCH_USER_PATHS = NO;
				CLANG_ANALYZER_NONNULL = YES;
				CLANG_ANALYZER_NUMBER_OBJECT_CONVERSION = YES_AGGRESSIVE;
				CLANG_CXX_LANGUAGE_STANDARD = "gnu++14";
				CLANG_CXX_LIBRARY = "libc++";
				CLANG_ENABLE_MODULES = YES;
				CLANG_ENABLE_OBJC_ARC = YES;
				CLANG_ENABLE_OBJC_WEAK = YES;
				CLANG_WARN_BLOCK_CAPTURE_AUTORELEASING = YES;
				CLANG_WARN_BOOL_CONVERSION = YES;
				CLANG_WARN_COMMA = YES;
				CLANG_WARN_CONSTANT_CONVERSION = YES;
				CLANG_WARN_DEPRECATED_OBJC_IMPLEMENTATIONS = YES;
				CLANG_WARN_DIRECT_OBJC_ISA_USAGE = YES_ERROR;
				CLANG_WARN_DOCUMENTATION_COMMENTS = YES;
				CLANG_WARN_EMPTY_BODY = YES;
				CLANG_WARN_ENUM_CONVERSION = YES;
				CLANG_WARN_INFINITE_RECURSION = YES;
				CLANG_WARN_INT_CONVERSION = YES;
				CLANG_WARN_NON_LITERAL_NULL_CONVERSION = YES;
				CLANG_WARN_OBJC_IMPLICIT_RETAIN_SELF = YES;
				CLANG_WARN_OBJC_LITERAL_CONVERSION = YES;
				CLANG_WARN_OBJC_ROOT_CLASS = YES_ERROR;
				CLANG_WARN_QUOTED_INCLUDE_IN_FRAMEWORK_HEADER = YES;
				CLANG_WARN_RANGE_LOOP_ANALYSIS = YES;
				CLANG_WARN_STRICT_PROTOTYPES = YES;
				CLANG_WARN_SUSPICIOUS_MOVE = YES;
				CLANG_WARN_UNGUARDED_AVAILABILITY = YES_AGGRESSIVE;
				CLANG_WARN_UNREACHABLE_CODE = YES;
				CLANG_WARN__DUPLICATE_METHOD_MATCH = YES;
				COPY_PHASE_STRIP = NO;
				DEBUG_INFORMATION_FORMAT = "dwarf-with-dsym";
				ENABLE_NS_ASSERTIONS = NO;
				ENABLE_STRICT_OBJC_MSGSEND = YES;
				GCC_C_LANGUAGE_STANDARD = gnu11;
				GCC_NO_COMMON_BLOCKS = YES;
				GCC_WARN_64_TO_32_BIT_CONVERSION = YES;
				GCC_WARN_ABOUT_RETURN_TYPE = YES_ERROR;
				GCC_WARN_UNDECLARED_SELECTOR = YES;
				GCC_WARN_UNINITIALIZED_AUTOS = YES_AGGRESSIVE;
				GCC_WARN_UNUSED_FUNCTION = YES;
				GCC_WARN_UNUSED_VARIABLE = YES;
				IPHONEOS_DEPLOYMENT_TARGET = 14.4;
				MTL_ENABLE_DEBUG_INFO = NO;
				MTL_FAST_MATH = YES;
				SDKROOT = iphoneos;
				SWIFT_COMPILATION_MODE = wholemodule;
				SWIFT_OPTIMIZATION_LEVEL = "-O";
				VALIDATE_PRODUCT = YES;
			};
			name = Release;
		};
		11BFD94C25E1AFE2008931FD /* Debug */ = {
			isa = XCBuildConfiguration;
			buildSettings = {
				ASSETCATALOG_COMPILER_APPICON_NAME = AppIcon;
				ASSETCATALOG_COMPILER_GLOBAL_ACCENT_COLOR_NAME = AccentColor;
				CODE_SIGN_STYLE = Automatic;
				DEVELOPMENT_TEAM = 36JQR72VVP;
				INFOPLIST_FILE = Nikita_MyORDER/Info.plist;
				LD_RUNPATH_SEARCH_PATHS = (
					"$(inherited)",
					"@executable_path/Frameworks",
				);
				PRODUCT_BUNDLE_IDENTIFIER = "Me.Nikita-MyORDER";
				PRODUCT_NAME = "$(TARGET_NAME)";
				SWIFT_VERSION = 5.0;
				TARGETED_DEVICE_FAMILY = "1,2";
			};
			name = Debug;
		};
		11BFD94D25E1AFE2008931FD /* Release */ = {
			isa = XCBuildConfiguration;
			buildSettings = {
				ASSETCATALOG_COMPILER_APPICON_NAME = AppIcon;
				ASSETCATALOG_COMPILER_GLOBAL_ACCENT_COLOR_NAME = AccentColor;
				CODE_SIGN_STYLE = Automatic;
				DEVELOPMENT_TEAM = 36JQR72VVP;
				INFOPLIST_FILE = Nikita_MyORDER/Info.plist;
				LD_RUNPATH_SEARCH_PATHS = (
					"$(inherited)",
					"@executable_path/Frameworks",
				);
				PRODUCT_BUNDLE_IDENTIFIER = "Me.Nikita-MyORDER";
				PRODUCT_NAME = "$(TARGET_NAME)";
				SWIFT_VERSION = 5.0;
				TARGETED_DEVICE_FAMILY = "1,2";
			};
			name = Release;
		};
/* End XCBuildConfiguration section */

/* Begin XCConfigurationList section */
		11BFD93225E1AFE1008931FD /* Build configuration list for PBXProject "Nikita_MyORDER" */ = {
			isa = XCConfigurationList;
			buildConfigurations = (
				11BFD94925E1AFE2008931FD /* Debug */,
				11BFD94A25E1AFE2008931FD /* Release */,
			);
			defaultConfigurationIsVisible = 0;
			defaultConfigurationName = Release;
		};
		11BFD94B25E1AFE2008931FD /* Build configuration list for PBXNativeTarget "Nikita_MyORDER" */ = {
			isa = XCConfigurationList;
			buildConfigurations = (
				11BFD94C25E1AFE2008931FD /* Debug */,
				11BFD94D25E1AFE2008931FD /* Release */,
			);
			defaultConfigurationIsVisible = 0;
			defaultConfigurationName = Release;
		};
/* End XCConfigurationList section */

/* Begin XCVersionGroup section */
		11671BF4260FAAD100FEE0B6 /* OrderList.xcdatamodeld */ = {
			isa = XCVersionGroup;
			children = (
				11671BF5260FAAD100FEE0B6 /* OrderList.xcdatamodel */,
			);
			currentVersion = 11671BF5260FAAD100FEE0B6 /* OrderList.xcdatamodel */;
			path = OrderList.xcdatamodeld;
			sourceTree = "<group>";
			versionGroupType = wrapper.xcdatamodel;
		};
/* End XCVersionGroup section */
	};
	rootObject = 11BFD92F25E1AFE1008931FD /* Project object */;
}
